
Microsoft Visual Studio Solution File, Format Version 12.00
# Visual Studio Version 16
VisualStudioVersion = 16.0.30225.117
MinimumVisualStudioVersion = 10.0.40219.1
Project("{FAE04EC0-301F-11D3-BF4B-00C04F79EFBC}") = "VlogSite", "VlogSite\VlogSite.csproj", "{989661AE-326C-4574-9D25-A51AC0B695A2}"
EndProject
Global
	GlobalSection(SolutionConfigurationPlatforms) = preSolution
		Debug|Any CPU = Debug|Any CPU
		Release|Any CPU = Release|Any CPU
	EndGlobalSection
	GlobalSection(ProjectConfigurationPlatforms) = postSolution
		{989661AE-326C-4574-9D25-A51AC0B695A2}.Debug|Any CPU.ActiveCfg = Debug|Any CPU
		{989661AE-326C-4574-9D25-A51AC0B695A2}.Debug|Any CPU.Build.0 = Debug|Any CPU
		{989661AE-326C-4574-9D25-A51AC0B695A2}.Release|Any CPU.ActiveCfg = Release|Any CPU
		{989661AE-326C-4574-9D25-A51AC0B695A2}.Release|Any CPU.Build.0 = Release|Any CPU
	EndGlobalSection
	GlobalSection(SolutionProperties) = preSolution
		HideSolutionNode = FALSE
	EndGlobalSection
	GlobalSection(ExtensibilityGlobals) = postSolution
		SolutionGuid = {C6DC682E-9FB4-4E8D-A588-4ACA433982F8}
	EndGlobalSection
EndGlobal
